// !$*UTF8*$!
{
	archiveVersion = 1;
	classes = {
	};
	objectVersion = 50;
	objects = {

/* Begin PBXBuildFile section */
		030D6EDF2528BF12008198FF /* AppDelegate.swift in Sources */ = {isa = PBXBuildFile; fileRef = 030D6EDE2528BF12008198FF /* AppDelegate.swift */; };
		030D6EE12528BF12008198FF /* SceneDelegate.swift in Sources */ = {isa = PBXBuildFile; fileRef = 030D6EE02528BF12008198FF /* SceneDelegate.swift */; };
		030D6EE32528BF12008198FF /* ViewController.swift in Sources */ = {isa = PBXBuildFile; fileRef = 030D6EE22528BF12008198FF /* ViewController.swift */; };
		030D6EE82528BF14008198FF /* Assets.xcassets in Resources */ = {isa = PBXBuildFile; fileRef = 030D6EE72528BF14008198FF /* Assets.xcassets */; };
		030D6EEB2528BF14008198FF /* LaunchScreen.storyboard in Resources */ = {isa = PBXBuildFile; fileRef = 030D6EE92528BF14008198FF /* LaunchScreen.storyboard */; };
		030D6EF62528BF14008198FF /* MVVM_Simple_AplicationTests.swift in Sources */ = {isa = PBXBuildFile; fileRef = 030D6EF52528BF14008198FF /* MVVM_Simple_AplicationTests.swift */; };
		030D6F012528BF14008198FF /* MVVM_Simple_AplicationUITests.swift in Sources */ = {isa = PBXBuildFile; fileRef = 030D6F002528BF14008198FF /* MVVM_Simple_AplicationUITests.swift */; };
		030D6F1B2528C222008198FF /* User.swift in Sources */ = {isa = PBXBuildFile; fileRef = 030D6F1A2528C222008198FF /* User.swift */; };
		030D6F232528C30D008198FF /* Video.swift in Sources */ = {isa = PBXBuildFile; fileRef = 030D6F222528C30D008198FF /* Video.swift */; };
		030D6F282528C401008198FF /* UserView.swift in Sources */ = {isa = PBXBuildFile; fileRef = 030D6F272528C401008198FF /* UserView.swift */; };
		030D6F2E2528C4FA008198FF /* UIColor.swift in Sources */ = {isa = PBXBuildFile; fileRef = 030D6F2D2528C4FA008198FF /* UIColor.swift */; };
		030D6F362528CE2E008198FF /* UserViewModel.swift in Sources */ = {isa = PBXBuildFile; fileRef = 030D6F352528CE2E008198FF /* UserViewModel.swift */; };
		030D6F412528EC88008198FF /* VideosView.swift in Sources */ = {isa = PBXBuildFile; fileRef = 030D6F402528EC88008198FF /* VideosView.swift */; };
		030D6F60252B3797008198FF /* EmptyState.swift in Sources */ = {isa = PBXBuildFile; fileRef = 030D6F5F252B3797008198FF /* EmptyState.swift */; };
/* End PBXBuildFile section */

/* Begin PBXContainerItemProxy section */
		030D6EF22528BF14008198FF /* PBXContainerItemProxy */ = {
			isa = PBXContainerItemProxy;
			containerPortal = 030D6ED32528BF12008198FF /* Project object */;
			proxyType = 1;
			remoteGlobalIDString = 030D6EDA2528BF12008198FF;
			remoteInfo = "MVVM Simple Aplication";
		};
		030D6EFD2528BF14008198FF /* PBXContainerItemProxy */ = {
			isa = PBXContainerItemProxy;
			containerPortal = 030D6ED32528BF12008198FF /* Project object */;
			proxyType = 1;
			remoteGlobalIDString = 030D6EDA2528BF12008198FF;
			remoteInfo = "MVVM Simple Aplication";
		};
/* End PBXContainerItemProxy section */

/* Begin PBXFileReference section */
		030D6EDB2528BF12008198FF /* MVVM Simple Aplication.app */ = {isa = PBXFileReference; explicitFileType = wrapper.application; includeInIndex = 0; path = "MVVM Simple Aplication.app"; sourceTree = BUILT_PRODUCTS_DIR; };
		030D6EDE2528BF12008198FF /* AppDelegate.swift */ = {isa = PBXFileReference; lastKnownFileType = sourcecode.swift; path = AppDelegate.swift; sourceTree = "<group>"; };
		030D6EE02528BF12008198FF /* SceneDelegate.swift */ = {isa = PBXFileReference; lastKnownFileType = sourcecode.swift; path = SceneDelegate.swift; sourceTree = "<group>"; };
		030D6EE22528BF12008198FF /* ViewController.swift */ = {isa = PBXFileReference; lastKnownFileType = sourcecode.swift; path = ViewController.swift; sourceTree = "<group>"; };
		030D6EE72528BF14008198FF /* Assets.xcassets */ = {isa = PBXFileReference; lastKnownFileType = folder.assetcatalog; path = Assets.xcassets; sourceTree = "<group>"; };
		030D6EEA2528BF14008198FF /* Base */ = {isa = PBXFileReference; lastKnownFileType = file.storyboard; name = Base; path = Base.lproj/LaunchScreen.storyboard; sourceTree = "<group>"; };
		030D6EEC2528BF14008198FF /* Info.plist */ = {isa = PBXFileReference; lastKnownFileType = text.plist.xml; path = Info.plist; sourceTree = "<group>"; };
		030D6EF12528BF14008198FF /* MVVM Simple AplicationTests.xctest */ = {isa = PBXFileReference; explicitFileType = wrapper.cfbundle; includeInIndex = 0; path = "MVVM Simple AplicationTests.xctest"; sourceTree = BUILT_PRODUCTS_DIR; };
		030D6EF52528BF14008198FF /* MVVM_Simple_AplicationTests.swift */ = {isa = PBXFileReference; lastKnownFileType = sourcecode.swift; path = MVVM_Simple_AplicationTests.swift; sourceTree = "<group>"; };
		030D6EF72528BF14008198FF /* Info.plist */ = {isa = PBXFileReference; lastKnownFileType = text.plist.xml; path = Info.plist; sourceTree = "<group>"; };
		030D6EFC2528BF14008198FF /* MVVM Simple AplicationUITests.xctest */ = {isa = PBXFileReference; explicitFileType = wrapper.cfbundle; includeInIndex = 0; path = "MVVM Simple AplicationUITests.xctest"; sourceTree = BUILT_PRODUCTS_DIR; };
		030D6F002528BF14008198FF /* MVVM_Simple_AplicationUITests.swift */ = {isa = PBXFileReference; lastKnownFileType = sourcecode.swift; path = MVVM_Simple_AplicationUITests.swift; sourceTree = "<group>"; };
		030D6F022528BF14008198FF /* Info.plist */ = {isa = PBXFileReference; lastKnownFileType = text.plist.xml; path = Info.plist; sourceTree = "<group>"; };
		030D6F1A2528C222008198FF /* User.swift */ = {isa = PBXFileReference; lastKnownFileType = sourcecode.swift; path = User.swift; sourceTree = "<group>"; };
		030D6F222528C30D008198FF /* Video.swift */ = {isa = PBXFileReference; lastKnownFileType = sourcecode.swift; path = Video.swift; sourceTree = "<group>"; };
		030D6F272528C401008198FF /* UserView.swift */ = {isa = PBXFileReference; lastKnownFileType = sourcecode.swift; path = UserView.swift; sourceTree = "<group>"; };
		030D6F2D2528C4FA008198FF /* UIColor.swift */ = {isa = PBXFileReference; lastKnownFileType = sourcecode.swift; path = UIColor.swift; sourceTree = "<group>"; };
		030D6F352528CE2E008198FF /* UserViewModel.swift */ = {isa = PBXFileReference; lastKnownFileType = sourcecode.swift; path = UserViewModel.swift; sourceTree = "<group>"; };
		030D6F402528EC88008198FF /* VideosView.swift */ = {isa = PBXFileReference; lastKnownFileType = sourcecode.swift; path = VideosView.swift; sourceTree = "<group>"; };
		030D6F5F252B3797008198FF /* EmptyState.swift */ = {isa = PBXFileReference; lastKnownFileType = sourcecode.swift; path = EmptyState.swift; sourceTree = "<group>"; };
/* End PBXFileReference section */

/* Begin PBXFrameworksBuildPhase section */
		030D6ED82528BF12008198FF /* Frameworks */ = {
			isa = PBXFrameworksBuildPhase;
			buildActionMask = 2147483647;
			files = (
			);
			runOnlyForDeploymentPostprocessing = 0;
		};
		030D6EEE2528BF14008198FF /* Frameworks */ = {
			isa = PBXFrameworksBuildPhase;
			buildActionMask = 2147483647;
			files = (
			);
			runOnlyForDeploymentPostprocessing = 0;
		};
		030D6EF92528BF14008198FF /* Frameworks */ = {
			isa = PBXFrameworksBuildPhase;
			buildActionMask = 2147483647;
			files = (
			);
			runOnlyForDeploymentPostprocessing = 0;
		};
/* End PBXFrameworksBuildPhase section */

/* Begin PBXGroup section */
		030D6ED22528BF12008198FF = {
			isa = PBXGroup;
			children = (
				030D6EDD2528BF12008198FF /* MVVM Simple Aplication */,
				030D6EF42528BF14008198FF /* MVVM Simple AplicationTests */,
				030D6EFF2528BF14008198FF /* MVVM Simple AplicationUITests */,
				030D6EDC2528BF12008198FF /* Products */,
			);
			sourceTree = "<group>";
		};
		030D6EDC2528BF12008198FF /* Products */ = {
			isa = PBXGroup;
			children = (
				030D6EDB2528BF12008198FF /* MVVM Simple Aplication.app */,
				030D6EF12528BF14008198FF /* MVVM Simple AplicationTests.xctest */,
				030D6EFC2528BF14008198FF /* MVVM Simple AplicationUITests.xctest */,
			);
			name = Products;
			sourceTree = "<group>";
		};
		030D6EDD2528BF12008198FF /* MVVM Simple Aplication */ = {
			isa = PBXGroup;
			children = (
				030D6F5B25295277008198FF /* ViewController */,
				030D6F2C2528C4E0008198FF /* Extentions */,
				030D6F182528C1DD008198FF /* View */,
				030D6F192528C1E1008198FF /* ViewModel */,
				030D6F172528C1D6008198FF /* Model */,
				030D6EDE2528BF12008198FF /* AppDelegate.swift */,
				030D6EE02528BF12008198FF /* SceneDelegate.swift */,
				030D6EE72528BF14008198FF /* Assets.xcassets */,
				030D6EE92528BF14008198FF /* LaunchScreen.storyboard */,
				030D6EEC2528BF14008198FF /* Info.plist */,
			);
			path = "MVVM Simple Aplication";
			sourceTree = "<group>";
		};
		030D6EF42528BF14008198FF /* MVVM Simple AplicationTests */ = {
			isa = PBXGroup;
			children = (
				030D6EF52528BF14008198FF /* MVVM_Simple_AplicationTests.swift */,
				030D6EF72528BF14008198FF /* Info.plist */,
			);
			path = "MVVM Simple AplicationTests";
			sourceTree = "<group>";
		};
		030D6EFF2528BF14008198FF /* MVVM Simple AplicationUITests */ = {
			isa = PBXGroup;
			children = (
				030D6F002528BF14008198FF /* MVVM_Simple_AplicationUITests.swift */,
				030D6F022528BF14008198FF /* Info.plist */,
			);
			path = "MVVM Simple AplicationUITests";
			sourceTree = "<group>";
		};
		030D6F172528C1D6008198FF /* Model */ = {
			isa = PBXGroup;
			children = (
				030D6F1A2528C222008198FF /* User.swift */,
				030D6F222528C30D008198FF /* Video.swift */,
			);
			path = Model;
			sourceTree = "<group>";
		};
		030D6F182528C1DD008198FF /* View */ = {
			isa = PBXGroup;
			children = (
				030D6F272528C401008198FF /* UserView.swift */,
				030D6F402528EC88008198FF /* VideosView.swift */,
				030D6F5F252B3797008198FF /* EmptyState.swift */,
			);
			path = View;
			sourceTree = "<group>";
		};
		030D6F192528C1E1008198FF /* ViewModel */ = {
			isa = PBXGroup;
			children = (
				030D6F352528CE2E008198FF /* UserViewModel.swift */,
			);
			path = ViewModel;
			sourceTree = "<group>";
		};
		030D6F2C2528C4E0008198FF /* Extentions */ = {
			isa = PBXGroup;
			children = (
				030D6F2D2528C4FA008198FF /* UIColor.swift */,
			);
			path = Extentions;
			sourceTree = "<group>";
		};
		030D6F5B25295277008198FF /* ViewController */ = {
			isa = PBXGroup;
			children = (
				030D6EE22528BF12008198FF /* ViewController.swift */,
			);
			path = ViewController;
			sourceTree = "<group>";
		};
/* End PBXGroup section */

/* Begin PBXNativeTarget section */
		030D6EDA2528BF12008198FF /* MVVM Simple Aplication */ = {
			isa = PBXNativeTarget;
			buildConfigurationList = 030D6F052528BF14008198FF /* Build configuration list for PBXNativeTarget "MVVM Simple Aplication" */;
			buildPhases = (
				030D6ED72528BF12008198FF /* Sources */,
				030D6ED82528BF12008198FF /* Frameworks */,
				030D6ED92528BF12008198FF /* Resources */,
			);
			buildRules = (
			);
			dependencies = (
			);
			name = "MVVM Simple Aplication";
			productName = "MVVM Simple Aplication";
			productReference = 030D6EDB2528BF12008198FF /* MVVM Simple Aplication.app */;
			productType = "com.apple.product-type.application";
		};
		030D6EF02528BF14008198FF /* MVVM Simple AplicationTests */ = {
			isa = PBXNativeTarget;
			buildConfigurationList = 030D6F082528BF14008198FF /* Build configuration list for PBXNativeTarget "MVVM Simple AplicationTests" */;
			buildPhases = (
				030D6EED2528BF14008198FF /* Sources */,
				030D6EEE2528BF14008198FF /* Frameworks */,
				030D6EEF2528BF14008198FF /* Resources */,
			);
			buildRules = (
			);
			dependencies = (
				030D6EF32528BF14008198FF /* PBXTargetDependency */,
			);
			name = "MVVM Simple AplicationTests";
			productName = "MVVM Simple AplicationTests";
			productReference = 030D6EF12528BF14008198FF /* MVVM Simple AplicationTests.xctest */;
			productType = "com.apple.product-type.bundle.unit-test";
		};
		030D6EFB2528BF14008198FF /* MVVM Simple AplicationUITests */ = {
			isa = PBXNativeTarget;
			buildConfigurationList = 030D6F0B2528BF14008198FF /* Build configuration list for PBXNativeTarget "MVVM Simple AplicationUITests" */;
			buildPhases = (
				030D6EF82528BF14008198FF /* Sources */,
				030D6EF92528BF14008198FF /* Frameworks */,
				030D6EFA2528BF14008198FF /* Resources */,
			);
			buildRules = (
			);
			dependencies = (
				030D6EFE2528BF14008198FF /* PBXTargetDependency */,
			);
			name = "MVVM Simple AplicationUITests";
			productName = "MVVM Simple AplicationUITests";
			productReference = 030D6EFC2528BF14008198FF /* MVVM Simple AplicationUITests.xctest */;
			productType = "com.apple.product-type.bundle.ui-testing";
		};
/* End PBXNativeTarget section */

/* Begin PBXProject section */
		030D6ED32528BF12008198FF /* Project object */ = {
			isa = PBXProject;
			attributes = {
				LastSwiftUpdateCheck = 1200;
				LastUpgradeCheck = 1200;
				TargetAttributes = {
					030D6EDA2528BF12008198FF = {
						CreatedOnToolsVersion = 12.0.1;
					};
					030D6EF02528BF14008198FF = {
						CreatedOnToolsVersion = 12.0.1;
						TestTargetID = 030D6EDA2528BF12008198FF;
					};
					030D6EFB2528BF14008198FF = {
						CreatedOnToolsVersion = 12.0.1;
						TestTargetID = 030D6EDA2528BF12008198FF;
					};
				};
			};
			buildConfigurationList = 030D6ED62528BF12008198FF /* Build configuration list for PBXProject "MVVM Simple Aplication" */;
			compatibilityVersion = "Xcode 9.3";
			developmentRegion = en;
			hasScannedForEncodings = 0;
			knownRegions = (
				en,
				Base,
			);
			mainGroup = 030D6ED22528BF12008198FF;
			productRefGroup = 030D6EDC2528BF12008198FF /* Products */;
			projectDirPath = "";
			projectRoot = "";
			targets = (
				030D6EDA2528BF12008198FF /* MVVM Simple Aplication */,
				030D6EF02528BF14008198FF /* MVVM Simple AplicationTests */,
				030D6EFB2528BF14008198FF /* MVVM Simple AplicationUITests */,
			);
		};
/* End PBXProject section */

/* Begin PBXResourcesBuildPhase section */
		030D6ED92528BF12008198FF /* Resources */ = {
			isa = PBXResourcesBuildPhase;
			buildActionMask = 2147483647;
			files = (
				030D6EEB2528BF14008198FF /* LaunchScreen.storyboard in Resources */,
				030D6EE82528BF14008198FF /* Assets.xcassets in Resources */,
			);
			runOnlyForDeploymentPostprocessing = 0;
		};
		030D6EEF2528BF14008198FF /* Resources */ = {
			isa = PBXResourcesBuildPhase;
			buildActionMask = 2147483647;
			files = (
			);
			runOnlyForDeploymentPostprocessing = 0;
		};
		030D6EFA2528BF14008198FF /* Resources */ = {
			isa = PBXResourcesBuildPhase;
			buildActionMask = 2147483647;
			files = (
			);
			runOnlyForDeploymentPostprocessing = 0;
		};
/* End PBXResourcesBuildPhase section */

/* Begin PBXSourcesBuildPhase section */
		030D6ED72528BF12008198FF /* Sources */ = {
			isa = PBXSourcesBuildPhase;
			buildActionMask = 2147483647;
			files = (
				030D6F1B2528C222008198FF /* User.swift in Sources */,
				030D6F362528CE2E008198FF /* UserViewModel.swift in Sources */,
				030D6F412528EC88008198FF /* VideosView.swift in Sources */,
				030D6F282528C401008198FF /* UserView.swift in Sources */,
				030D6F2E2528C4FA008198FF /* UIColor.swift in Sources */,
				030D6EE32528BF12008198FF /* ViewController.swift in Sources */,
				030D6EDF2528BF12008198FF /* AppDelegate.swift in Sources */,
				030D6F60252B3797008198FF /* EmptyState.swift in Sources */,
				030D6F232528C30D008198FF /* Video.swift in Sources */,
				030D6EE12528BF12008198FF /* SceneDelegate.swift in Sources */,
			);
			runOnlyForDeploymentPostprocessing = 0;
		};
		030D6EED2528BF14008198FF /* Sources */ = {
			isa = PBXSourcesBuildPhase;
			buildActionMask = 2147483647;
			files = (
				030D6EF62528BF14008198FF /* MVVM_Simple_AplicationTests.swift in Sources */,
			);
			runOnlyForDeploymentPostprocessing = 0;
		};
		030D6EF82528BF14008198FF /* Sources */ = {
			isa = PBXSourcesBuildPhase;
			buildActionMask = 2147483647;
			files = (
				030D6F012528BF14008198FF /* MVVM_Simple_AplicationUITests.swift in Sources */,
			);
			runOnlyForDeploymentPostprocessing = 0;
		};
/* End PBXSourcesBuildPhase section */

/* Begin PBXTargetDependency section */
		030D6EF32528BF14008198FF /* PBXTargetDependency */ = {
			isa = PBXTargetDependency;
			target = 030D6EDA2528BF12008198FF /* MVVM Simple Aplication */;
			targetProxy = 030D6EF22528BF14008198FF /* PBXContainerItemProxy */;
		};
		030D6EFE2528BF14008198FF /* PBXTargetDependency */ = {
			isa = PBXTargetDependency;
			target = 030D6EDA2528BF12008198FF /* MVVM Simple Aplication */;
			targetProxy = 030D6EFD2528BF14008198FF /* PBXContainerItemProxy */;
		};
/* End PBXTargetDependency section */

/* Begin PBXVariantGroup section */
		030D6EE92528BF14008198FF /* LaunchScreen.storyboard */ = {
			isa = PBXVariantGroup;
			children = (
				030D6EEA2528BF14008198FF /* Base */,
			);
			name = LaunchScreen.storyboard;
			sourceTree = "<group>";
		};
/* End PBXVariantGroup section */

/* Begin XCBuildConfiguration section */
		030D6F032528BF14008198FF /* Debug */ = {
			isa = XCBuildConfiguration;
			buildSettings = {
				ALWAYS_SEARCH_USER_PATHS = NO;
				CLANG_ANALYZER_NONNULL = YES;
				CLANG_ANALYZER_NUMBER_OBJECT_CONVERSION = YES_AGGRESSIVE;
				CLANG_CXX_LANGUAGE_STANDARD = "gnu++14";
				CLANG_CXX_LIBRARY = "libc++";
				CLANG_ENABLE_MODULES = YES;
				CLANG_ENABLE_OBJC_ARC = YES;
				CLANG_ENABLE_OBJC_WEAK = YES;
				CLANG_WARN_BLOCK_CAPTURE_AUTORELEASING = YES;
				CLANG_WARN_BOOL_CONVERSION = YES;
				CLANG_WARN_COMMA = YES;
				CLANG_WARN_CONSTANT_CONVERSION = YES;
				CLANG_WARN_DEPRECATED_OBJC_IMPLEMENTATIONS = YES;
				CLANG_WARN_DIRECT_OBJC_ISA_USAGE = YES_ERROR;
				CLANG_WARN_DOCUMENTATION_COMMENTS = YES;
				CLANG_WARN_EMPTY_BODY = YES;
				CLANG_WARN_ENUM_CONVERSION = YES;
				CLANG_WARN_INFINITE_RECURSION = YES;
				CLANG_WARN_INT_CONVERSION = YES;
				CLANG_WARN_NON_LITERAL_NULL_CONVERSION = YES;
				CLANG_WARN_OBJC_IMPLICIT_RETAIN_SELF = YES;
				CLANG_WARN_OBJC_LITERAL_CONVERSION = YES;
				CLANG_WARN_OBJC_ROOT_CLASS = YES_ERROR;
				CLANG_WARN_QUOTED_INCLUDE_IN_FRAMEWORK_HEADER = YES;
				CLANG_WARN_RANGE_LOOP_ANALYSIS = YES;
				CLANG_WARN_STRICT_PROTOTYPES = YES;
				CLANG_WARN_SUSPICIOUS_MOVE = YES;
				CLANG_WARN_UNGUARDED_AVAILABILITY = YES_AGGRESSIVE;
				CLANG_WARN_UNREACHABLE_CODE = YES;
				CLANG_WARN__DUPLICATE_METHOD_MATCH = YES;
				COPY_PHASE_STRIP = NO;
				DEBUG_INFORMATION_FORMAT = dwarf;
				ENABLE_STRICT_OBJC_MSGSEND = YES;
				ENABLE_TESTABILITY = YES;
				GCC_C_LANGUAGE_STANDARD = gnu11;
				GCC_DYNAMIC_NO_PIC = NO;
				GCC_NO_COMMON_BLOCKS = YES;
				GCC_OPTIMIZATION_LEVEL = 0;
				GCC_PREPROCESSOR_DEFINITIONS = (
					"DEBUG=1",
					"$(inherited)",
				);
				GCC_WARN_64_TO_32_BIT_CONVERSION = YES;
				GCC_WARN_ABOUT_RETURN_TYPE = YES_ERROR;
				GCC_WARN_UNDECLARED_SELECTOR = YES;
				GCC_WARN_UNINITIALIZED_AUTOS = YES_AGGRESSIVE;
				GCC_WARN_UNUSED_FUNCTION = YES;
				GCC_WARN_UNUSED_VARIABLE = YES;
				IPHONEOS_DEPLOYMENT_TARGET = 14.0;
				MTL_ENABLE_DEBUG_INFO = INCLUDE_SOURCE;
				MTL_FAST_MATH = YES;
				ONLY_ACTIVE_ARCH = YES;
				SDKROOT = iphoneos;
				SWIFT_ACTIVE_COMPILATION_CONDITIONS = DEBUG;
				SWIFT_OPTIMIZATION_LEVEL = "-Onone";
			};
			name = Debug;
		};
		030D6F042528BF14008198FF /* Release */ = {
			isa = XCBuildConfiguration;
			buildSettings = {
				ALWAYS_SEARCH_USER_PATHS = NO;
				CLANG_ANALYZER_NONNULL = YES;
				CLANG_ANALYZER_NUMBER_OBJECT_CONVERSION = YES_AGGRESSIVE;
				CLANG_CXX_LANGUAGE_STANDARD = "gnu++14";
				CLANG_CXX_LIBRARY = "libc++";
				CLANG_ENABLE_MODULES = YES;
				CLANG_ENABLE_OBJC_ARC = YES;
				CLANG_ENABLE_OBJC_WEAK = YES;
				CLANG_WARN_BLOCK_CAPTURE_AUTORELEASING = YES;
				CLANG_WARN_BOOL_CONVERSION = YES;
				CLANG_WARN_COMMA = YES;
				CLANG_WARN_CONSTANT_CONVERSION = YES;
				CLANG_WARN_DEPRECATED_OBJC_IMPLEMENTATIONS = YES;
				CLANG_WARN_DIRECT_OBJC_ISA_USAGE = YES_ERROR;
				CLANG_WARN_DOCUMENTATION_COMMENTS = YES;
				CLANG_WARN_EMPTY_BODY = YES;
				CLANG_WARN_ENUM_CONVERSION = YES;
				CLANG_WARN_INFINITE_RECURSION = YES;
				CLANG_WARN_INT_CONVERSION = YES;
				CLANG_WARN_NON_LITERAL_NULL_CONVERSION = YES;
				CLANG_WARN_OBJC_IMPLICIT_RETAIN_SELF = YES;
				CLANG_WARN_OBJC_LITERAL_CONVERSION = YES;
				CLANG_WARN_OBJC_ROOT_CLASS = YES_ERROR;
				CLANG_WARN_QUOTED_INCLUDE_IN_FRAMEWORK_HEADER = YES;
				CLANG_WARN_RANGE_LOOP_ANALYSIS = YES;
				CLANG_WARN_STRICT_PROTOTYPES = YES;
				CLANG_WARN_SUSPICIOUS_MOVE = YES;
				CLANG_WARN_UNGUARDED_AVAILABILITY = YES_AGGRESSIVE;
				CLANG_WARN_UNREACHABLE_CODE = YES;
				CLANG_WARN__DUPLICATE_METHOD_MATCH = YES;
				COPY_PHASE_STRIP = NO;
				DEBUG_INFORMATION_FORMAT = "dwarf-with-dsym";
				ENABLE_NS_ASSERTIONS = NO;
				ENABLE_STRICT_OBJC_MSGSEND = YES;
				GCC_C_LANGUAGE_STANDARD = gnu11;
				GCC_NO_COMMON_BLOCKS = YES;
				GCC_WARN_64_TO_32_BIT_CONVERSION = YES;
				GCC_WARN_ABOUT_RETURN_TYPE = YES_ERROR;
				GCC_WARN_UNDECLARED_SELECTOR = YES;
				GCC_WARN_UNINITIALIZED_AUTOS = YES_AGGRESSIVE;
				GCC_WARN_UNUSED_FUNCTION = YES;
				GCC_WARN_UNUSED_VARIABLE = YES;
				IPHONEOS_DEPLOYMENT_TARGET = 14.0;
				MTL_ENABLE_DEBUG_INFO = NO;
				MTL_FAST_MATH = YES;
				SDKROOT = iphoneos;
				SWIFT_COMPILATION_MODE = wholemodule;
				SWIFT_OPTIMIZATION_LEVEL = "-O";
				VALIDATE_PRODUCT = YES;
			};
			name = Release;
		};
		030D6F062528BF14008198FF /* Debug */ = {
			isa = XCBuildConfiguration;
			buildSettings = {
				ASSETCATALOG_COMPILER_APPICON_NAME = AppIcon;
				ASSETCATALOG_COMPILER_GLOBAL_ACCENT_COLOR_NAME = AccentColor;
				CODE_SIGN_STYLE = Automatic;
				DEVELOPMENT_TEAM = 62NRBAKMQ3;
				INFOPLIST_FILE = "MVVM Simple Aplication/Info.plist";
				LD_RUNPATH_SEARCH_PATHS = (
					"$(inherited)",
					"@executable_path/Frameworks",
				);
				PRODUCT_BUNDLE_IDENTIFIER = "Apple-academy.MVVM-Simple-Aplication";
				PRODUCT_NAME = "$(TARGET_NAME)";
				SWIFT_VERSION = 5.0;
				TARGETED_DEVICE_FAMILY = "1,2";
			};
			name = Debug;
		};
		030D6F072528BF14008198FF /* Release */ = {
			isa = XCBuildConfiguration;
			buildSettings = {
				ASSETCATALOG_COMPILER_APPICON_NAME = AppIcon;
				ASSETCATALOG_COMPILER_GLOBAL_ACCENT_COLOR_NAME = AccentColor;
				CODE_SIGN_STYLE = Automatic;
				DEVELOPMENT_TEAM = 62NRBAKMQ3;
				INFOPLIST_FILE = "MVVM Simple Aplication/Info.plist";
				LD_RUNPATH_SEARCH_PATHS = (
					"$(inherited)",
					"@executable_path/Frameworks",
				);
				PRODUCT_BUNDLE_IDENTIFIER = "Apple-academy.MVVM-Simple-Aplication";
				PRODUCT_NAME = "$(TARGET_NAME)";
				SWIFT_VERSION = 5.0;
				TARGETED_DEVICE_FAMILY = "1,2";
			};
			name = Release;
		};
		030D6F092528BF14008198FF /* Debug */ = {
			isa = XCBuildConfiguration;
			buildSettings = {
				ALWAYS_EMBED_SWIFT_STANDARD_LIBRARIES = YES;
				BUNDLE_LOADER = "$(TEST_HOST)";
				CODE_SIGN_STYLE = Automatic;
				DEVELOPMENT_TEAM = 62NRBAKMQ3;
				INFOPLIST_FILE = "MVVM Simple AplicationTests/Info.plist";
				IPHONEOS_DEPLOYMENT_TARGET = 14.0;
				LD_RUNPATH_SEARCH_PATHS = (
					"$(inherited)",
					"@executable_path/Frameworks",
					"@loader_path/Frameworks",
				);
				PRODUCT_BUNDLE_IDENTIFIER = "Apple-academy.MVVM-Simple-AplicationTests";
				PRODUCT_NAME = "$(TARGET_NAME)";
				SWIFT_VERSION = 5.0;
				TARGETED_DEVICE_FAMILY = "1,2";
				TEST_HOST = "$(BUILT_PRODUCTS_DIR)/MVVM Simple Aplication.app/MVVM Simple Aplication";
			};
			name = Debug;
		};
		030D6F0A2528BF14008198FF /* Release */ = {
			isa = XCBuildConfiguration;
			buildSettings = {
				ALWAYS_EMBED_SWIFT_STANDARD_LIBRARIES = YES;
				BUNDLE_LOADER = "$(TEST_HOST)";
				CODE_SIGN_STYLE = Automatic;
				DEVELOPMENT_TEAM = 62NRBAKMQ3;
				INFOPLIST_FILE = "MVVM Simple AplicationTests/Info.plist";
				IPHONEOS_DEPLOYMENT_TARGET = 14.0;
				LD_RUNPATH_SEARCH_PATHS = (
					"$(inherited)",
					"@executable_path/Frameworks",
					"@loader_path/Frameworks",
				);
				PRODUCT_BUNDLE_IDENTIFIER = "Apple-academy.MVVM-Simple-AplicationTests";
				PRODUCT_NAME = "$(TARGET_NAME)";
				SWIFT_VERSION = 5.0;
				TARGETED_DEVICE_FAMILY = "1,2";
				TEST_HOST = "$(BUILT_PRODUCTS_DIR)/MVVM Simple Aplication.app/MVVM Simple Aplication";
			};
			name = Release;
		};
		030D6F0C2528BF14008198FF /* Debug */ = {
			isa = XCBuildConfiguration;
			buildSettings = {
				ALWAYS_EMBED_SWIFT_STANDARD_LIBRARIES = YES;
				CODE_SIGN_STYLE = Automatic;
				DEVELOPMENT_TEAM = 62NRBAKMQ3;
				INFOPLIST_FILE = "MVVM Simple AplicationUITests/Info.plist";
				LD_RUNPATH_SEARCH_PATHS = (
					"$(inherited)",
					"@executable_path/Frameworks",
					"@loader_path/Frameworks",
				);
				PRODUCT_BUNDLE_IDENTIFIER = "Apple-academy.MVVM-Simple-AplicationUITests";
				PRODUCT_NAME = "$(TARGET_NAME)";
				SWIFT_VERSION = 5.0;
				TARGETED_DEVICE_FAMILY = "1,2";
				TEST_TARGET_NAME = "MVVM Simple Aplication";
			};
			name = Debug;
		};
		030D6F0D2528BF14008198FF /* Release */ = {
			isa = XCBuildConfiguration;
			buildSettings = {
				ALWAYS_EMBED_SWIFT_STANDARD_LIBRARIES = YES;
				CODE_SIGN_STYLE = Automatic;
				DEVELOPMENT_TEAM = 62NRBAKMQ3;
				INFOPLIST_FILE = "MVVM Simple AplicationUITests/Info.plist";
				LD_RUNPATH_SEARCH_PATHS = (
					"$(inherited)",
					"@executable_path/Frameworks",
					"@loader_path/Frameworks",
				);
				PRODUCT_BUNDLE_IDENTIFIER = "Apple-academy.MVVM-Simple-AplicationUITests";
				PRODUCT_NAME = "$(TARGET_NAME)";
				SWIFT_VERSION = 5.0;
				TARGETED_DEVICE_FAMILY = "1,2";
				TEST_TARGET_NAME = "MVVM Simple Aplication";
			};
			name = Release;
		};
/* End XCBuildConfiguration section */

/* Begin XCConfigurationList section */
		030D6ED62528BF12008198FF /* Build configuration list for PBXProject "MVVM Simple Aplication" */ = {
			isa = XCConfigurationList;
			buildConfigurations = (
				030D6F032528BF14008198FF /* Debug */,
				030D6F042528BF14008198FF /* Release */,
			);
			defaultConfigurationIsVisible = 0;
			defaultConfigurationName = Release;
		};
		030D6F052528BF14008198FF /* Build configuration list for PBXNativeTarget "MVVM Simple Aplication" */ = {
			isa = XCConfigurationList;
			buildConfigurations = (
				030D6F062528BF14008198FF /* Debug */,
				030D6F072528BF14008198FF /* Release */,
			);
			defaultConfigurationIsVisible = 0;
			defaultConfigurationName = Release;
		};
		030D6F082528BF14008198FF /* Build configuration list for PBXNativeTarget "MVVM Simple AplicationTests" */ = {
			isa = XCConfigurationList;
			buildConfigurations = (
				030D6F092528BF14008198FF /* Debug */,
				030D6F0A2528BF14008198FF /* Release */,
			);
			defaultConfigurationIsVisible = 0;
			defaultConfigurationName = Release;
		};
		030D6F0B2528BF14008198FF /* Build configuration list for PBXNativeTarget "MVVM Simple AplicationUITests" */ = {
			isa = XCConfigurationList;
			buildConfigurations = (
				030D6F0C2528BF14008198FF /* Debug */,
				030D6F0D2528BF14008198FF /* Release */,
			);
			defaultConfigurationIsVisible = 0;
			defaultConfigurationName = Release;
		};
/* End XCConfigurationList section */
	};
	rootObject = 030D6ED32528BF12008198FF /* Project object */;
}
